
Microsoft Visual Studio Solution File, Format Version 12.00
# Visual Studio 15
Project("{FAE04EC0-301F-11D3-BF4B-00C04F79EFBC}") = "Assembly-CSharp", "Assembly-CSharp.csproj", "{15E0CED8-03BC-1684-18A8-B96A456A3C3A}"
EndProject
Project("{FAE04EC0-301F-11D3-BF4B-00C04F79EFBC}") = "Assembly-CSharp-firstpass", "Assembly-CSharp-firstpass.csproj", "{B75E8CBF-C616-E278-E504-D5294D2BDC6B}"
EndProject
Global
	GlobalSection(SolutionConfigurationPlatforms) = preSolution
		Debug|Any CPU = Debug|Any CPU
		Release|Any CPU = Release|Any CPU
	EndGlobalSection
	GlobalSection(ProjectConfigurationPlatforms) = postSolution
		{15E0CED8-03BC-1684-18A8-B96A456A3C3A}.Debug|Any CPU.ActiveCfg = Debug|Any CPU
		{15E0CED8-03BC-1684-18A8-B96A456A3C3A}.Debug|Any CPU.Build.0 = Debug|Any CPU
		{15E0CED8-03BC-1684-18A8-B96A456A3C3A}.Release|Any CPU.ActiveCfg = Release|Any CPU
		{15E0CED8-03BC-1684-18A8-B96A456A3C3A}.Release|Any CPU.Build.0 = Release|Any CPU
		{B75E8CBF-C616-E278-E504-D5294D2BDC6B}.Debug|Any CPU.ActiveCfg = Debug|Any CPU
		{B75E8CBF-C616-E278-E504-D5294D2BDC6B}.Debug|Any CPU.Build.0 = Debug|Any CPU
		{B75E8CBF-C616-E278-E504-D5294D2BDC6B}.Release|Any CPU.ActiveCfg = Release|Any CPU
		{B75E8CBF-C616-E278-E504-D5294D2BDC6B}.Release|Any CPU.Build.0 = Release|Any CPU
	EndGlobalSection
	GlobalSection(SolutionProperties) = preSolution
		HideSolutionNode = FALSE
	EndGlobalSection
EndGlobal
